
Microsoft Visual Studio Solution File, Format Version 12.00
# Visual Studio 15
VisualStudioVersion = 15.0.28010.2036
MinimumVisualStudioVersion = 10.0.40219.1
Project("{FAE04EC0-301F-11D3-BF4B-00C04F79EFBC}") = "SelfEduV2.com", "SelfEduV2.com\SelfEduV2.com.csproj", "{4ACB9A89-662B-4096-AEEC-F8689A12F3F9}"
EndProject
Global
	GlobalSection(SolutionConfigurationPlatforms) = preSolution
		Debug|Any CPU = Debug|Any CPU
		Release|Any CPU = Release|Any CPU
	EndGlobalSection
	GlobalSection(ProjectConfigurationPlatforms) = postSolution
		{4ACB9A89-662B-4096-AEEC-F8689A12F3F9}.Debug|Any CPU.ActiveCfg = Debug|Any CPU
		{4ACB9A89-662B-4096-AEEC-F8689A12F3F9}.Debug|Any CPU.Build.0 = Debug|Any CPU
		{4ACB9A89-662B-4096-AEEC-F8689A12F3F9}.Release|Any CPU.ActiveCfg = Release|Any CPU
		{4ACB9A89-662B-4096-AEEC-F8689A12F3F9}.Release|Any CPU.Build.0 = Release|Any CPU
	EndGlobalSection
	GlobalSection(SolutionProperties) = preSolution
		HideSolutionNode = FALSE
	EndGlobalSection
	GlobalSection(ExtensibilityGlobals) = postSolution
		SolutionGuid = {55E2E94E-B2BA-41DC-9CD3-DF7A75138162}
	EndGlobalSection
EndGlobal
